// !$*UTF8*$!
{
	archiveVersion = 1;
	classes = {
	};
	objectVersion = 48;
	objects = {

/* Begin PBXBuildFile section */
		5D75C7D01FE0F5CE006F525D /* ZHAutoSizeTagView_iOS.h in Headers */ = {isa = PBXBuildFile; fileRef = 5D75C7CE1FE0F5CE006F525D /* ZHAutoSizeTagView_iOS.h */; settings = {ATTRIBUTES = (Public, ); }; };
		5D75C7D81FE0F68C006F525D /* ZHAutoSizeTagView.swift in Sources */ = {isa = PBXBuildFile; fileRef = 5D75C7D71FE0F68C006F525D /* ZHAutoSizeTagView.swift */; };
		5D75C7DA1FE0FA20006F525D /* ZHAutoSizeTagManager.swift in Sources */ = {isa = PBXBuildFile; fileRef = 5D75C7D91FE0FA20006F525D /* ZHAutoSizeTagManager.swift */; };
		5D75C7E01FE20A95006F525D /* ZHAutoSizeTagView.xcassets in Resources */ = {isa = PBXBuildFile; fileRef = 5D75C7DF1FE20A95006F525D /* ZHAutoSizeTagView.xcassets */; };
/* End PBXBuildFile section */

/* Begin PBXFileReference section */
		5D75C7CB1FE0F5CE006F525D /* ZHAutoSizeTagView_iOS.framework */ = {isa = PBXFileReference; explicitFileType = wrapper.framework; includeInIndex = 0; path = ZHAutoSizeTagView_iOS.framework; sourceTree = BUILT_PRODUCTS_DIR; };
		5D75C7CE1FE0F5CE006F525D /* ZHAutoSizeTagView_iOS.h */ = {isa = PBXFileReference; lastKnownFileType = sourcecode.c.h; path = ZHAutoSizeTagView_iOS.h; sourceTree = "<group>"; };
		5D75C7CF1FE0F5CE006F525D /* Info.plist */ = {isa = PBXFileReference; lastKnownFileType = text.plist.xml; path = Info.plist; sourceTree = "<group>"; };
		5D75C7D61FE0F634006F525D /* ZHAutoSizeTagView-Example.playground */ = {isa = PBXFileReference; lastKnownFileType = file.playground; name = "ZHAutoSizeTagView-Example.playground"; path = "../ZHAutoSizeTagView-Example.playground"; sourceTree = "<group>"; xcLanguageSpecificationIdentifier = xcode.lang.swift; };
		5D75C7D71FE0F68C006F525D /* ZHAutoSizeTagView.swift */ = {isa = PBXFileReference; lastKnownFileType = sourcecode.swift; path = ZHAutoSizeTagView.swift; sourceTree = "<group>"; };
		5D75C7D91FE0FA20006F525D /* ZHAutoSizeTagManager.swift */ = {isa = PBXFileReference; lastKnownFileType = sourcecode.swift; path = ZHAutoSizeTagManager.swift; sourceTree = "<group>"; };
		5D75C7DF1FE20A95006F525D /* ZHAutoSizeTagView.xcassets */ = {isa = PBXFileReference; lastKnownFileType = folder.assetcatalog; path = ZHAutoSizeTagView.xcassets; sourceTree = "<group>"; };
/* End PBXFileReference section */

/* Begin PBXFrameworksBuildPhase section */
		5D75C7C71FE0F5CE006F525D /* Frameworks */ = {
			isa = PBXFrameworksBuildPhase;
			buildActionMask = 2147483647;
			files = (
			);
			runOnlyForDeploymentPostprocessing = 0;
		};
/* End PBXFrameworksBuildPhase section */

/* Begin PBXGroup section */
		5D75C7C11FE0F5CE006F525D = {
			isa = PBXGroup;
			children = (
				5D75C7D61FE0F634006F525D /* ZHAutoSizeTagView-Example.playground */,
				5D75C7CD1FE0F5CE006F525D /* ZHAutoSizeTagView-iOS */,
				5D75C7CC1FE0F5CE006F525D /* Products */,
			);
			sourceTree = "<group>";
		};
		5D75C7CC1FE0F5CE006F525D /* Products */ = {
			isa = PBXGroup;
			children = (
				5D75C7CB1FE0F5CE006F525D /* ZHAutoSizeTagView_iOS.framework */,
			);
			name = Products;
			sourceTree = "<group>";
		};
		5D75C7CD1FE0F5CE006F525D /* ZHAutoSizeTagView-iOS */ = {
			isa = PBXGroup;
			children = (
				5D75C7CE1FE0F5CE006F525D /* ZHAutoSizeTagView_iOS.h */,
				5D75C7CF1FE0F5CE006F525D /* Info.plist */,
				5D75C7D71FE0F68C006F525D /* ZHAutoSizeTagView.swift */,
				5D75C7D91FE0FA20006F525D /* ZHAutoSizeTagManager.swift */,
				5D75C7DF1FE20A95006F525D /* ZHAutoSizeTagView.xcassets */,
			);
			path = "ZHAutoSizeTagView-iOS";
			sourceTree = "<group>";
		};
/* End PBXGroup section */

/* Begin PBXHeadersBuildPhase section */
		5D75C7C81FE0F5CE006F525D /* Headers */ = {
			isa = PBXHeadersBuildPhase;
			buildActionMask = 2147483647;
			files = (
				5D75C7D01FE0F5CE006F525D /* ZHAutoSizeTagView_iOS.h in Headers */,
			);
			runOnlyForDeploymentPostprocessing = 0;
		};
/* End PBXHeadersBuildPhase section */

/* Begin PBXNativeTarget section */
		5D75C7CA1FE0F5CE006F525D /* ZHAutoSizeTagView-iOS */ = {
			isa = PBXNativeTarget;
			buildConfigurationList = 5D75C7D31FE0F5CE006F525D /* Build configuration list for PBXNativeTarget "ZHAutoSizeTagView-iOS" */;
			buildPhases = (
				5D75C7C61FE0F5CE006F525D /* Sources */,
				5D75C7C71FE0F5CE006F525D /* Frameworks */,
				5D75C7C81FE0F5CE006F525D /* Headers */,
				5D75C7C91FE0F5CE006F525D /* Resources */,
			);
			buildRules = (
			);
			dependencies = (
			);
			name = "ZHAutoSizeTagView-iOS";
			productName = "ZHAutoSizeTagView-iOS";
			productReference = 5D75C7CB1FE0F5CE006F525D /* ZHAutoSizeTagView_iOS.framework */;
			productType = "com.apple.product-type.framework";
		};
/* End PBXNativeTarget section */

/* Begin PBXProject section */
		5D75C7C21FE0F5CE006F525D /* Project object */ = {
			isa = PBXProject;
			attributes = {
				LastUpgradeCheck = 0910;
				ORGANIZATIONNAME = "君赏";
				TargetAttributes = {
					5D75C7CA1FE0F5CE006F525D = {
						CreatedOnToolsVersion = 9.1;
						LastSwiftMigration = 0910;
						ProvisioningStyle = Automatic;
					};
				};
			};
			buildConfigurationList = 5D75C7C51FE0F5CE006F525D /* Build configuration list for PBXProject "ZHAutoSizeTagView-iOS" */;
			compatibilityVersion = "Xcode 8.0";
			developmentRegion = en;
			hasScannedForEncodings = 0;
			knownRegions = (
				en,
			);
			mainGroup = 5D75C7C11FE0F5CE006F525D;
			productRefGroup = 5D75C7CC1FE0F5CE006F525D /* Products */;
			projectDirPath = "";
			projectRoot = "";
			targets = (
				5D75C7CA1FE0F5CE006F525D /* ZHAutoSizeTagView-iOS */,
			);
		};
/* End PBXProject section */

/* Begin PBXResourcesBuildPhase section */
		5D75C7C91FE0F5CE006F525D /* Resources */ = {
			isa = PBXResourcesBuildPhase;
			buildActionMask = 2147483647;
			files = (
				5D75C7E01FE20A95006F525D /* ZHAutoSizeTagView.xcassets in Resources */,
			);
			runOnlyForDeploymentPostprocessing = 0;
		};
/* End PBXResourcesBuildPhase section */

/* Begin PBXSourcesBuildPhase section */
		5D75C7C61FE0F5CE006F525D /* Sources */ = {
			isa = PBXSourcesBuildPhase;
			buildActionMask = 2147483647;
			files = (
				5D75C7DA1FE0FA20006F525D /* ZHAutoSizeTagManager.swift in Sources */,
				5D75C7D81FE0F68C006F525D /* ZHAutoSizeTagView.swift in Sources */,
			);
			runOnlyForDeploymentPostprocessing = 0;
		};
/* End PBXSourcesBuildPhase section */

/* Begin XCBuildConfiguration section */
		5D75C7D11FE0F5CE006F525D /* Debug */ = {
			isa = XCBuildConfiguration;
			buildSettings = {
				ALWAYS_SEARCH_USER_PATHS = NO;
				CLANG_ANALYZER_NONNULL = YES;
				CLANG_ANALYZER_NUMBER_OBJECT_CONVERSION = YES_AGGRESSIVE;
				CLANG_CXX_LANGUAGE_STANDARD = "gnu++14";
				CLANG_CXX_LIBRARY = "libc++";
				CLANG_ENABLE_MODULES = YES;
				CLANG_ENABLE_OBJC_ARC = YES;
				CLANG_WARN_BLOCK_CAPTURE_AUTORELEASING = YES;
				CLANG_WARN_BOOL_CONVERSION = YES;
				CLANG_WARN_COMMA = YES;
				CLANG_WARN_CONSTANT_CONVERSION = YES;
				CLANG_WARN_DIRECT_OBJC_ISA_USAGE = YES_ERROR;
				CLANG_WARN_DOCUMENTATION_COMMENTS = YES;
				CLANG_WARN_EMPTY_BODY = YES;
				CLANG_WARN_ENUM_CONVERSION = YES;
				CLANG_WARN_INFINITE_RECURSION = YES;
				CLANG_WARN_INT_CONVERSION = YES;
				CLANG_WARN_NON_LITERAL_NULL_CONVERSION = YES;
				CLANG_WARN_OBJC_LITERAL_CONVERSION = YES;
				CLANG_WARN_OBJC_ROOT_CLASS = YES_ERROR;
				CLANG_WARN_RANGE_LOOP_ANALYSIS = YES;
				CLANG_WARN_STRICT_PROTOTYPES = YES;
				CLANG_WARN_SUSPICIOUS_MOVE = YES;
				CLANG_WARN_UNGUARDED_AVAILABILITY = YES_AGGRESSIVE;
				CLANG_WARN_UNREACHABLE_CODE = YES;
				CLANG_WARN__DUPLICATE_METHOD_MATCH = YES;
				CODE_SIGN_IDENTITY = "iPhone Developer";
				COPY_PHASE_STRIP = NO;
				CURRENT_PROJECT_VERSION = 1;
				DEBUG_INFORMATION_FORMAT = dwarf;
				ENABLE_STRICT_OBJC_MSGSEND = YES;
				ENABLE_TESTABILITY = YES;
				GCC_C_LANGUAGE_STANDARD = gnu11;
				GCC_DYNAMIC_NO_PIC = NO;
				GCC_NO_COMMON_BLOCKS = YES;
				GCC_OPTIMIZATION_LEVEL = 0;
				GCC_PREPROCESSOR_DEFINITIONS = (
					"DEBUG=1",
					"$(inherited)",
				);
				GCC_WARN_64_TO_32_BIT_CONVERSION = YES;
				GCC_WARN_ABOUT_RETURN_TYPE = YES_ERROR;
				GCC_WARN_UNDECLARED_SELECTOR = YES;
				GCC_WARN_UNINITIALIZED_AUTOS = YES_AGGRESSIVE;
				GCC_WARN_UNUSED_FUNCTION = YES;
				GCC_WARN_UNUSED_VARIABLE = YES;
				IPHONEOS_DEPLOYMENT_TARGET = 11.1;
				MTL_ENABLE_DEBUG_INFO = YES;
				ONLY_ACTIVE_ARCH = YES;
				SDKROOT = iphoneos;
				SWIFT_ACTIVE_COMPILATION_CONDITIONS = DEBUG;
				SWIFT_OPTIMIZATION_LEVEL = "-Onone";
				VERSIONING_SYSTEM = "apple-generic";
				VERSION_INFO_PREFIX = "";
			};
			name = Debug;
		};
		5D75C7D21FE0F5CE006F525D /* Release */ = {
			isa = XCBuildConfiguration;
			buildSettings = {
				ALWAYS_SEARCH_USER_PATHS = NO;
				CLANG_ANALYZER_NONNULL = YES;
				CLANG_ANALYZER_NUMBER_OBJECT_CONVERSION = YES_AGGRESSIVE;
				CLANG_CXX_LANGUAGE_STANDARD = "gnu++14";
				CLANG_CXX_LIBRARY = "libc++";
				CLANG_ENABLE_MODULES = YES;
				CLANG_ENABLE_OBJC_ARC = YES;
				CLANG_WARN_BLOCK_CAPTURE_AUTORELEASING = YES;
				CLANG_WARN_BOOL_CONVERSION = YES;
				CLANG_WARN_COMMA = YES;
				CLANG_WARN_CONSTANT_CONVERSION = YES;
				CLANG_WARN_DIRECT_OBJC_ISA_USAGE = YES_ERROR;
				CLANG_WARN_DOCUMENTATION_COMMENTS = YES;
				CLANG_WARN_EMPTY_BODY = YES;
				CLANG_WARN_ENUM_CONVERSION = YES;
				CLANG_WARN_INFINITE_RECURSION = YES;
				CLANG_WARN_INT_CONVERSION = YES;
				CLANG_WARN_NON_LITERAL_NULL_CONVERSION = YES;
				CLANG_WARN_OBJC_LITERAL_CONVERSION = YES;
				CLANG_WARN_OBJC_ROOT_CLASS = YES_ERROR;
				CLANG_WARN_RANGE_LOOP_ANALYSIS = YES;
				CLANG_WARN_STRICT_PROTOTYPES = YES;
				CLANG_WARN_SUSPICIOUS_MOVE = YES;
				CLANG_WARN_UNGUARDED_AVAILABILITY = YES_AGGRESSIVE;
				CLANG_WARN_UNREACHABLE_CODE = YES;
				CLANG_WARN__DUPLICATE_METHOD_MATCH = YES;
				CODE_SIGN_IDENTITY = "iPhone Developer";
				COPY_PHASE_STRIP = NO;
				CURRENT_PROJECT_VERSION = 1;
				DEBUG_INFORMATION_FORMAT = "dwarf-with-dsym";
				ENABLE_NS_ASSERTIONS = NO;
				ENABLE_STRICT_OBJC_MSGSEND = YES;
				GCC_C_LANGUAGE_STANDARD = gnu11;
				GCC_NO_COMMON_BLOCKS = YES;
				GCC_WARN_64_TO_32_BIT_CONVERSION = YES;
				GCC_WARN_ABOUT_RETURN_TYPE = YES_ERROR;
				GCC_WARN_UNDECLARED_SELECTOR = YES;
				GCC_WARN_UNINITIALIZED_AUTOS = YES_AGGRESSIVE;
				GCC_WARN_UNUSED_FUNCTION = YES;
				GCC_WARN_UNUSED_VARIABLE = YES;
				IPHONEOS_DEPLOYMENT_TARGET = 11.1;
				MTL_ENABLE_DEBUG_INFO = NO;
				SDKROOT = iphoneos;
				SWIFT_OPTIMIZATION_LEVEL = "-Owholemodule";
				VALIDATE_PRODUCT = YES;
				VERSIONING_SYSTEM = "apple-generic";
				VERSION_INFO_PREFIX = "";
			};
			name = Release;
		};
		5D75C7D41FE0F5CE006F525D /* Debug */ = {
			isa = XCBuildConfiguration;
			buildSettings = {
				CLANG_ENABLE_MODULES = YES;
				CODE_SIGN_IDENTITY = "";
				CODE_SIGN_STYLE = Automatic;
				DEFINES_MODULE = YES;
				DEVELOPMENT_TEAM = 9RWES6K38C;
				DYLIB_COMPATIBILITY_VERSION = 1;
				DYLIB_CURRENT_VERSION = 1;
				DYLIB_INSTALL_NAME_BASE = "@rpath";
				INFOPLIST_FILE = "ZHAutoSizeTagView-iOS/Info.plist";
				INSTALL_PATH = "$(LOCAL_LIBRARY_DIR)/Frameworks";
				IPHONEOS_DEPLOYMENT_TARGET = 8.0;
				LD_RUNPATH_SEARCH_PATHS = "$(inherited) @executable_path/Frameworks @loader_path/Frameworks";
				PRODUCT_BUNDLE_IDENTIFIER = "com.globalegrow.ZHAutoSizeTagView-iOS";
				PRODUCT_NAME = "$(TARGET_NAME:c99extidentifier)";
				SKIP_INSTALL = YES;
				SWIFT_OPTIMIZATION_LEVEL = "-Onone";
				SWIFT_VERSION = 4.0;
				TARGETED_DEVICE_FAMILY = "1,2";
			};
			name = Debug;
		};
		5D75C7D51FE0F5CE006F525D /* Release */ = {
			isa = XCBuildConfiguration;
			buildSettings = {
				CLANG_ENABLE_MODULES = YES;
				CODE_SIGN_IDENTITY = "";
				CODE_SIGN_STYLE = Automatic;
				DEFINES_MODULE = YES;
				DEVELOPMENT_TEAM = 9RWES6K38C;
				DYLIB_COMPATIBILITY_VERSION = 1;
				DYLIB_CURRENT_VERSION = 1;
				DYLIB_INSTALL_NAME_BASE = "@rpath";
				INFOPLIST_FILE = "ZHAutoSizeTagView-iOS/Info.plist";
				INSTALL_PATH = "$(LOCAL_LIBRARY_DIR)/Frameworks";
				IPHONEOS_DEPLOYMENT_TARGET = 8.0;
				LD_RUNPATH_SEARCH_PATHS = "$(inherited) @executable_path/Frameworks @loader_path/Frameworks";
				PRODUCT_BUNDLE_IDENTIFIER = "com.globalegrow.ZHAutoSizeTagView-iOS";
				PRODUCT_NAME = "$(TARGET_NAME:c99extidentifier)";
				SKIP_INSTALL = YES;
				SWIFT_VERSION = 4.0;
				TARGETED_DEVICE_FAMILY = "1,2";
			};
			name = Release;
		};
/* End XCBuildConfiguration section */

/* Begin XCConfigurationList section */
		5D75C7C51FE0F5CE006F525D /* Build configuration list for PBXProject "ZHAutoSizeTagView-iOS" */ = {
			isa = XCConfigurationList;
			buildConfigurations = (
				5D75C7D11FE0F5CE006F525D /* Debug */,
				5D75C7D21FE0F5CE006F525D /* Release */,
			);
			defaultConfigurationIsVisible = 0;
			defaultConfigurationName = Release;
		};
		5D75C7D31FE0F5CE006F525D /* Build configuration list for PBXNativeTarget "ZHAutoSizeTagView-iOS" */ = {
			isa = XCConfigurationList;
			buildConfigurations = (
				5D75C7D41FE0F5CE006F525D /* Debug */,
				5D75C7D51FE0F5CE006F525D /* Release */,
			);
			defaultConfigurationIsVisible = 0;
			defaultConfigurationName = Release;
		};
/* End XCConfigurationList section */
	};
	rootObject = 5D75C7C21FE0F5CE006F525D /* Project object */;
}
