// !$*UTF8*$!
{
	archiveVersion = 1;
	classes = {
	};
	objectVersion = 48;
	objects = {

/* Begin PBXBuildFile section */
		5D75C7EE1FE22587006F525D /* AppDelegate.swift in Sources */ = {isa = PBXBuildFile; fileRef = 5D75C7ED1FE22587006F525D /* AppDelegate.swift */; };
		5D75C7F01FE22587006F525D /* ViewController.swift in Sources */ = {isa = PBXBuildFile; fileRef = 5D75C7EF1FE22587006F525D /* ViewController.swift */; };
		5D75C7F31FE22587006F525D /* Main.storyboard in Resources */ = {isa = PBXBuildFile; fileRef = 5D75C7F11FE22587006F525D /* Main.storyboard */; };
		5D75C7F51FE22588006F525D /* Assets.xcassets in Resources */ = {isa = PBXBuildFile; fileRef = 5D75C7F41FE22588006F525D /* Assets.xcassets */; };
		5D75C7F81FE22588006F525D /* LaunchScreen.storyboard in Resources */ = {isa = PBXBuildFile; fileRef = 5D75C7F61FE22588006F525D /* LaunchScreen.storyboard */; };
		EA1EC3E80CD5FE166858A903 /* Pods_ZHAutoSizeTagView_Example.framework in Frameworks */ = {isa = PBXBuildFile; fileRef = 496D004B62968E9FDC94D71A /* Pods_ZHAutoSizeTagView_Example.framework */; };
/* End PBXBuildFile section */

/* Begin PBXFileReference section */
		496D004B62968E9FDC94D71A /* Pods_ZHAutoSizeTagView_Example.framework */ = {isa = PBXFileReference; explicitFileType = wrapper.framework; includeInIndex = 0; path = Pods_ZHAutoSizeTagView_Example.framework; sourceTree = BUILT_PRODUCTS_DIR; };
		5D75C7EA1FE22587006F525D /* ZHAutoSizeTagView-Example.app */ = {isa = PBXFileReference; explicitFileType = wrapper.application; includeInIndex = 0; path = "ZHAutoSizeTagView-Example.app"; sourceTree = BUILT_PRODUCTS_DIR; };
		5D75C7ED1FE22587006F525D /* AppDelegate.swift */ = {isa = PBXFileReference; lastKnownFileType = sourcecode.swift; path = AppDelegate.swift; sourceTree = "<group>"; };
		5D75C7EF1FE22587006F525D /* ViewController.swift */ = {isa = PBXFileReference; lastKnownFileType = sourcecode.swift; path = ViewController.swift; sourceTree = "<group>"; };
		5D75C7F21FE22587006F525D /* Base */ = {isa = PBXFileReference; lastKnownFileType = file.storyboard; name = Base; path = Base.lproj/Main.storyboard; sourceTree = "<group>"; };
		5D75C7F41FE22588006F525D /* Assets.xcassets */ = {isa = PBXFileReference; lastKnownFileType = folder.assetcatalog; path = Assets.xcassets; sourceTree = "<group>"; };
		5D75C7F71FE22588006F525D /* Base */ = {isa = PBXFileReference; lastKnownFileType = file.storyboard; name = Base; path = Base.lproj/LaunchScreen.storyboard; sourceTree = "<group>"; };
		5D75C7F91FE22588006F525D /* Info.plist */ = {isa = PBXFileReference; lastKnownFileType = text.plist.xml; path = Info.plist; sourceTree = "<group>"; };
		9B2A98E5B48871BA40CEE8FB /* Pods-ZHAutoSizeTagView-Example.debug.xcconfig */ = {isa = PBXFileReference; includeInIndex = 1; lastKnownFileType = text.xcconfig; name = "Pods-ZHAutoSizeTagView-Example.debug.xcconfig"; path = "Pods/Target Support Files/Pods-ZHAutoSizeTagView-Example/Pods-ZHAutoSizeTagView-Example.debug.xcconfig"; sourceTree = "<group>"; };
		F733EBBCCB9143C817DF98F3 /* Pods-ZHAutoSizeTagView-Example.release.xcconfig */ = {isa = PBXFileReference; includeInIndex = 1; lastKnownFileType = text.xcconfig; name = "Pods-ZHAutoSizeTagView-Example.release.xcconfig"; path = "Pods/Target Support Files/Pods-ZHAutoSizeTagView-Example/Pods-ZHAutoSizeTagView-Example.release.xcconfig"; sourceTree = "<group>"; };
/* End PBXFileReference section */

/* Begin PBXFrameworksBuildPhase section */
		5D75C7E71FE22587006F525D /* Frameworks */ = {
			isa = PBXFrameworksBuildPhase;
			buildActionMask = 2147483647;
			files = (
				EA1EC3E80CD5FE166858A903 /* Pods_ZHAutoSizeTagView_Example.framework in Frameworks */,
			);
			runOnlyForDeploymentPostprocessing = 0;
		};
/* End PBXFrameworksBuildPhase section */

/* Begin PBXGroup section */
		33E04D4F6FA3A5C4DD18B30D /* Frameworks */ = {
			isa = PBXGroup;
			children = (
				496D004B62968E9FDC94D71A /* Pods_ZHAutoSizeTagView_Example.framework */,
			);
			name = Frameworks;
			sourceTree = "<group>";
		};
		5D75C7E11FE22587006F525D = {
			isa = PBXGroup;
			children = (
				5D75C7EC1FE22587006F525D /* ZHAutoSizeTagView-Example */,
				5D75C7EB1FE22587006F525D /* Products */,
				A3A10784D9C66BDBE690015B /* Pods */,
				33E04D4F6FA3A5C4DD18B30D /* Frameworks */,
			);
			sourceTree = "<group>";
		};
		5D75C7EB1FE22587006F525D /* Products */ = {
			isa = PBXGroup;
			children = (
				5D75C7EA1FE22587006F525D /* ZHAutoSizeTagView-Example.app */,
			);
			name = Products;
			sourceTree = "<group>";
		};
		5D75C7EC1FE22587006F525D /* ZHAutoSizeTagView-Example */ = {
			isa = PBXGroup;
			children = (
				5D75C7ED1FE22587006F525D /* AppDelegate.swift */,
				5D75C7EF1FE22587006F525D /* ViewController.swift */,
				5D75C7F11FE22587006F525D /* Main.storyboard */,
				5D75C7F41FE22588006F525D /* Assets.xcassets */,
				5D75C7F61FE22588006F525D /* LaunchScreen.storyboard */,
				5D75C7F91FE22588006F525D /* Info.plist */,
			);
			path = "ZHAutoSizeTagView-Example";
			sourceTree = "<group>";
		};
		A3A10784D9C66BDBE690015B /* Pods */ = {
			isa = PBXGroup;
			children = (
				9B2A98E5B48871BA40CEE8FB /* Pods-ZHAutoSizeTagView-Example.debug.xcconfig */,
				F733EBBCCB9143C817DF98F3 /* Pods-ZHAutoSizeTagView-Example.release.xcconfig */,
			);
			name = Pods;
			sourceTree = "<group>";
		};
/* End PBXGroup section */

/* Begin PBXNativeTarget section */
		5D75C7E91FE22587006F525D /* ZHAutoSizeTagView-Example */ = {
			isa = PBXNativeTarget;
			buildConfigurationList = 5D75C7FC1FE22588006F525D /* Build configuration list for PBXNativeTarget "ZHAutoSizeTagView-Example" */;
			buildPhases = (
				6DBD69C0490F9EC0CDA97181 /* [CP] Check Pods Manifest.lock */,
				5D75C7E61FE22587006F525D /* Sources */,
				5D75C7E71FE22587006F525D /* Frameworks */,
				5D75C7E81FE22587006F525D /* Resources */,
				D79B7ADB37BABD69E25FF331 /* [CP] Embed Pods Frameworks */,
				D73AC960527F8C2B38743C78 /* [CP] Copy Pods Resources */,
			);
			buildRules = (
			);
			dependencies = (
			);
			name = "ZHAutoSizeTagView-Example";
			productName = "ZHAutoSizeTagView-Example";
			productReference = 5D75C7EA1FE22587006F525D /* ZHAutoSizeTagView-Example.app */;
			productType = "com.apple.product-type.application";
		};
/* End PBXNativeTarget section */

/* Begin PBXProject section */
		5D75C7E21FE22587006F525D /* Project object */ = {
			isa = PBXProject;
			attributes = {
				LastSwiftUpdateCheck = 0910;
				LastUpgradeCheck = 0910;
				ORGANIZATIONNAME = "君赏";
				TargetAttributes = {
					5D75C7E91FE22587006F525D = {
						CreatedOnToolsVersion = 9.1;
						ProvisioningStyle = Automatic;
					};
				};
			};
			buildConfigurationList = 5D75C7E51FE22587006F525D /* Build configuration list for PBXProject "ZHAutoSizeTagView-Example" */;
			compatibilityVersion = "Xcode 8.0";
			developmentRegion = en;
			hasScannedForEncodings = 0;
			knownRegions = (
				en,
				Base,
			);
			mainGroup = 5D75C7E11FE22587006F525D;
			productRefGroup = 5D75C7EB1FE22587006F525D /* Products */;
			projectDirPath = "";
			projectRoot = "";
			targets = (
				5D75C7E91FE22587006F525D /* ZHAutoSizeTagView-Example */,
			);
		};
/* End PBXProject section */

/* Begin PBXResourcesBuildPhase section */
		5D75C7E81FE22587006F525D /* Resources */ = {
			isa = PBXResourcesBuildPhase;
			buildActionMask = 2147483647;
			files = (
				5D75C7F81FE22588006F525D /* LaunchScreen.storyboard in Resources */,
				5D75C7F51FE22588006F525D /* Assets.xcassets in Resources */,
				5D75C7F31FE22587006F525D /* Main.storyboard in Resources */,
			);
			runOnlyForDeploymentPostprocessing = 0;
		};
/* End PBXResourcesBuildPhase section */

/* Begin PBXShellScriptBuildPhase section */
		6DBD69C0490F9EC0CDA97181 /* [CP] Check Pods Manifest.lock */ = {
			isa = PBXShellScriptBuildPhase;
			buildActionMask = 2147483647;
			files = (
			);
			inputPaths = (
			);
			name = "[CP] Check Pods Manifest.lock";
			outputPaths = (
			);
			runOnlyForDeploymentPostprocessing = 0;
			shellPath = /bin/sh;
			shellScript = "diff \"${PODS_ROOT}/../Podfile.lock\" \"${PODS_ROOT}/Manifest.lock\" > /dev/null\nif [ $? != 0 ] ; then\n    # print error to STDERR\n    echo \"error: The sandbox is not in sync with the Podfile.lock. Run 'pod install' or update your CocoaPods installation.\" >&2\n    exit 1\nfi\n";
			showEnvVarsInLog = 0;
		};
		D73AC960527F8C2B38743C78 /* [CP] Copy Pods Resources */ = {
			isa = PBXShellScriptBuildPhase;
			buildActionMask = 2147483647;
			files = (
			);
			inputPaths = (
			);
			name = "[CP] Copy Pods Resources";
			outputPaths = (
			);
			runOnlyForDeploymentPostprocessing = 0;
			shellPath = /bin/sh;
			shellScript = "\"${SRCROOT}/Pods/Target Support Files/Pods-ZHAutoSizeTagView-Example/Pods-ZHAutoSizeTagView-Example-resources.sh\"\n";
			showEnvVarsInLog = 0;
		};
		D79B7ADB37BABD69E25FF331 /* [CP] Embed Pods Frameworks */ = {
			isa = PBXShellScriptBuildPhase;
			buildActionMask = 2147483647;
			files = (
			);
			inputPaths = (
			);
			name = "[CP] Embed Pods Frameworks";
			outputPaths = (
			);
			runOnlyForDeploymentPostprocessing = 0;
			shellPath = /bin/sh;
			shellScript = "\"${SRCROOT}/Pods/Target Support Files/Pods-ZHAutoSizeTagView-Example/Pods-ZHAutoSizeTagView-Example-frameworks.sh\"\n";
			showEnvVarsInLog = 0;
		};
/* End PBXShellScriptBuildPhase section */

/* Begin PBXSourcesBuildPhase section */
		5D75C7E61FE22587006F525D /* Sources */ = {
			isa = PBXSourcesBuildPhase;
			buildActionMask = 2147483647;
			files = (
				5D75C7F01FE22587006F525D /* ViewController.swift in Sources */,
				5D75C7EE1FE22587006F525D /* AppDelegate.swift in Sources */,
			);
			runOnlyForDeploymentPostprocessing = 0;
		};
/* End PBXSourcesBuildPhase section */

/* Begin PBXVariantGroup section */
		5D75C7F11FE22587006F525D /* Main.storyboard */ = {
			isa = PBXVariantGroup;
			children = (
				5D75C7F21FE22587006F525D /* Base */,
			);
			name = Main.storyboard;
			sourceTree = "<group>";
		};
		5D75C7F61FE22588006F525D /* LaunchScreen.storyboard */ = {
			isa = PBXVariantGroup;
			children = (
				5D75C7F71FE22588006F525D /* Base */,
			);
			name = LaunchScreen.storyboard;
			sourceTree = "<group>";
		};
/* End PBXVariantGroup section */

/* Begin XCBuildConfiguration section */
		5D75C7FA1FE22588006F525D /* Debug */ = {
			isa = XCBuildConfiguration;
			buildSettings = {
				ALWAYS_SEARCH_USER_PATHS = NO;
				CLANG_ANALYZER_NONNULL = YES;
				CLANG_ANALYZER_NUMBER_OBJECT_CONVERSION = YES_AGGRESSIVE;
				CLANG_CXX_LANGUAGE_STANDARD = "gnu++14";
				CLANG_CXX_LIBRARY = "libc++";
				CLANG_ENABLE_MODULES = YES;
				CLANG_ENABLE_OBJC_ARC = YES;
				CLANG_WARN_BLOCK_CAPTURE_AUTORELEASING = YES;
				CLANG_WARN_BOOL_CONVERSION = YES;
				CLANG_WARN_COMMA = YES;
				CLANG_WARN_CONSTANT_CONVERSION = YES;
				CLANG_WARN_DIRECT_OBJC_ISA_USAGE = YES_ERROR;
				CLANG_WARN_DOCUMENTATION_COMMENTS = YES;
				CLANG_WARN_EMPTY_BODY = YES;
				CLANG_WARN_ENUM_CONVERSION = YES;
				CLANG_WARN_INFINITE_RECURSION = YES;
				CLANG_WARN_INT_CONVERSION = YES;
				CLANG_WARN_NON_LITERAL_NULL_CONVERSION = YES;
				CLANG_WARN_OBJC_LITERAL_CONVERSION = YES;
				CLANG_WARN_OBJC_ROOT_CLASS = YES_ERROR;
				CLANG_WARN_RANGE_LOOP_ANALYSIS = YES;
				CLANG_WARN_STRICT_PROTOTYPES = YES;
				CLANG_WARN_SUSPICIOUS_MOVE = YES;
				CLANG_WARN_UNGUARDED_AVAILABILITY = YES_AGGRESSIVE;
				CLANG_WARN_UNREACHABLE_CODE = YES;
				CLANG_WARN__DUPLICATE_METHOD_MATCH = YES;
				CODE_SIGN_IDENTITY = "iPhone Developer";
				COPY_PHASE_STRIP = NO;
				DEBUG_INFORMATION_FORMAT = dwarf;
				ENABLE_STRICT_OBJC_MSGSEND = YES;
				ENABLE_TESTABILITY = YES;
				GCC_C_LANGUAGE_STANDARD = gnu11;
				GCC_DYNAMIC_NO_PIC = NO;
				GCC_NO_COMMON_BLOCKS = YES;
				GCC_OPTIMIZATION_LEVEL = 0;
				GCC_PREPROCESSOR_DEFINITIONS = (
					"DEBUG=1",
					"$(inherited)",
				);
				GCC_WARN_64_TO_32_BIT_CONVERSION = YES;
				GCC_WARN_ABOUT_RETURN_TYPE = YES_ERROR;
				GCC_WARN_UNDECLARED_SELECTOR = YES;
				GCC_WARN_UNINITIALIZED_AUTOS = YES_AGGRESSIVE;
				GCC_WARN_UNUSED_FUNCTION = YES;
				GCC_WARN_UNUSED_VARIABLE = YES;
				IPHONEOS_DEPLOYMENT_TARGET = 11.1;
				MTL_ENABLE_DEBUG_INFO = YES;
				ONLY_ACTIVE_ARCH = YES;
				SDKROOT = iphoneos;
				SWIFT_ACTIVE_COMPILATION_CONDITIONS = DEBUG;
				SWIFT_OPTIMIZATION_LEVEL = "-Onone";
			};
			name = Debug;
		};
		5D75C7FB1FE22588006F525D /* Release */ = {
			isa = XCBuildConfiguration;
			buildSettings = {
				ALWAYS_SEARCH_USER_PATHS = NO;
				CLANG_ANALYZER_NONNULL = YES;
				CLANG_ANALYZER_NUMBER_OBJECT_CONVERSION = YES_AGGRESSIVE;
				CLANG_CXX_LANGUAGE_STANDARD = "gnu++14";
				CLANG_CXX_LIBRARY = "libc++";
				CLANG_ENABLE_MODULES = YES;
				CLANG_ENABLE_OBJC_ARC = YES;
				CLANG_WARN_BLOCK_CAPTURE_AUTORELEASING = YES;
				CLANG_WARN_BOOL_CONVERSION = YES;
				CLANG_WARN_COMMA = YES;
				CLANG_WARN_CONSTANT_CONVERSION = YES;
				CLANG_WARN_DIRECT_OBJC_ISA_USAGE = YES_ERROR;
				CLANG_WARN_DOCUMENTATION_COMMENTS = YES;
				CLANG_WARN_EMPTY_BODY = YES;
				CLANG_WARN_ENUM_CONVERSION = YES;
				CLANG_WARN_INFINITE_RECURSION = YES;
				CLANG_WARN_INT_CONVERSION = YES;
				CLANG_WARN_NON_LITERAL_NULL_CONVERSION = YES;
				CLANG_WARN_OBJC_LITERAL_CONVERSION = YES;
				CLANG_WARN_OBJC_ROOT_CLASS = YES_ERROR;
				CLANG_WARN_RANGE_LOOP_ANALYSIS = YES;
				CLANG_WARN_STRICT_PROTOTYPES = YES;
				CLANG_WARN_SUSPICIOUS_MOVE = YES;
				CLANG_WARN_UNGUARDED_AVAILABILITY = YES_AGGRESSIVE;
				CLANG_WARN_UNREACHABLE_CODE = YES;
				CLANG_WARN__DUPLICATE_METHOD_MATCH = YES;
				CODE_SIGN_IDENTITY = "iPhone Developer";
				COPY_PHASE_STRIP = NO;
				DEBUG_INFORMATION_FORMAT = "dwarf-with-dsym";
				ENABLE_NS_ASSERTIONS = NO;
				ENABLE_STRICT_OBJC_MSGSEND = YES;
				GCC_C_LANGUAGE_STANDARD = gnu11;
				GCC_NO_COMMON_BLOCKS = YES;
				GCC_WARN_64_TO_32_BIT_CONVERSION = YES;
				GCC_WARN_ABOUT_RETURN_TYPE = YES_ERROR;
				GCC_WARN_UNDECLARED_SELECTOR = YES;
				GCC_WARN_UNINITIALIZED_AUTOS = YES_AGGRESSIVE;
				GCC_WARN_UNUSED_FUNCTION = YES;
				GCC_WARN_UNUSED_VARIABLE = YES;
				IPHONEOS_DEPLOYMENT_TARGET = 11.1;
				MTL_ENABLE_DEBUG_INFO = NO;
				SDKROOT = iphoneos;
				SWIFT_OPTIMIZATION_LEVEL = "-Owholemodule";
				VALIDATE_PRODUCT = YES;
			};
			name = Release;
		};
		5D75C7FD1FE22588006F525D /* Debug */ = {
			isa = XCBuildConfiguration;
			baseConfigurationReference = 9B2A98E5B48871BA40CEE8FB /* Pods-ZHAutoSizeTagView-Example.debug.xcconfig */;
			buildSettings = {
				ASSETCATALOG_COMPILER_APPICON_NAME = AppIcon;
				CODE_SIGN_STYLE = Automatic;
				DEVELOPMENT_TEAM = 9RWES6K38C;
				INFOPLIST_FILE = "ZHAutoSizeTagView-Example/Info.plist";
				LD_RUNPATH_SEARCH_PATHS = "$(inherited) @executable_path/Frameworks";
				PRODUCT_BUNDLE_IDENTIFIER = "com.globalegrow.ZHAutoSizeTagView-Example";
				PRODUCT_NAME = "$(TARGET_NAME)";
				SWIFT_VERSION = 4.0;
				TARGETED_DEVICE_FAMILY = "1,2";
			};
			name = Debug;
		};
		5D75C7FE1FE22588006F525D /* Release */ = {
			isa = XCBuildConfiguration;
			baseConfigurationReference = F733EBBCCB9143C817DF98F3 /* Pods-ZHAutoSizeTagView-Example.release.xcconfig */;
			buildSettings = {
				ASSETCATALOG_COMPILER_APPICON_NAME = AppIcon;
				CODE_SIGN_STYLE = Automatic;
				DEVELOPMENT_TEAM = 9RWES6K38C;
				INFOPLIST_FILE = "ZHAutoSizeTagView-Example/Info.plist";
				LD_RUNPATH_SEARCH_PATHS = "$(inherited) @executable_path/Frameworks";
				PRODUCT_BUNDLE_IDENTIFIER = "com.globalegrow.ZHAutoSizeTagView-Example";
				PRODUCT_NAME = "$(TARGET_NAME)";
				SWIFT_VERSION = 4.0;
				TARGETED_DEVICE_FAMILY = "1,2";
			};
			name = Release;
		};
/* End XCBuildConfiguration section */

/* Begin XCConfigurationList section */
		5D75C7E51FE22587006F525D /* Build configuration list for PBXProject "ZHAutoSizeTagView-Example" */ = {
			isa = XCConfigurationList;
			buildConfigurations = (
				5D75C7FA1FE22588006F525D /* Debug */,
				5D75C7FB1FE22588006F525D /* Release */,
			);
			defaultConfigurationIsVisible = 0;
			defaultConfigurationName = Release;
		};
		5D75C7FC1FE22588006F525D /* Build configuration list for PBXNativeTarget "ZHAutoSizeTagView-Example" */ = {
			isa = XCConfigurationList;
			buildConfigurations = (
				5D75C7FD1FE22588006F525D /* Debug */,
				5D75C7FE1FE22588006F525D /* Release */,
			);
			defaultConfigurationIsVisible = 0;
			defaultConfigurationName = Release;
		};
/* End XCConfigurationList section */
	};
	rootObject = 5D75C7E21FE22587006F525D /* Project object */;
}
